
Microsoft Visual Studio Solution File, Format Version 12.00
# Visual Studio Version 16
VisualStudioVersion = 16.0.31613.86
MinimumVisualStudioVersion = 10.0.40219.1
Project("{FAE04EC0-301F-11D3-BF4B-00C04F79EFBC}") = "BYOSA Utility", "BYOSA Utility.csproj", "{8EAF1EF8-BE67-414E-A3B4-6BB2C53B9079}"
EndProject
Global
	GlobalSection(SolutionConfigurationPlatforms) = preSolution
		Debug|Any CPU = Debug|Any CPU
		Release|Any CPU = Release|Any CPU
	EndGlobalSection
	GlobalSection(ProjectConfigurationPlatforms) = postSolution
		{8EAF1EF8-BE67-414E-A3B4-6BB2C53B9079}.Debug|Any CPU.ActiveCfg = Debug|Any CPU
		{8EAF1EF8-BE67-414E-A3B4-6BB2C53B9079}.Debug|Any CPU.Build.0 = Debug|Any CPU
		{8EAF1EF8-BE67-414E-A3B4-6BB2C53B9079}.Release|Any CPU.ActiveCfg = Release|Any CPU
		{8EAF1EF8-BE67-414E-A3B4-6BB2C53B9079}.Release|Any CPU.Build.0 = Release|Any CPU
	EndGlobalSection
	GlobalSection(SolutionProperties) = preSolution
		HideSolutionNode = FALSE
	EndGlobalSection
	GlobalSection(ExtensibilityGlobals) = postSolution
		SolutionGuid = {E6990FF5-0AD2-4EAC-816C-3D7A822CA669}
	EndGlobalSection
EndGlobal
